{
  "name": "is-prj",
  "version": "0.0.1",
  "lockfileVersion": 1,
  "requires": true,
  "dependencies": {
    "has-bytes": {
      "version": "0.0.2",
      "resolved": "https://registry.npmjs.org/has-bytes/-/has-bytes-0.0.2.tgz",
      "integrity": "sha512-EMJmvu981+up4KcyuLxsp3ASif7KSLEXpMWG8gxgupYCWUUaDKmOzq1taqni5W1/xgXZVboZxqsuUgBc7NfHRQ==",
      "requires": {
        "has-subarrays": "0.0.2"
      }
    },
    "has-strings": {
      "version": "0.0.1",
      "resolved": "https://registry.npmjs.org/has-strings/-/has-strings-0.0.1.tgz",
      "integrity": "sha512-JohO7BslzbN79FpGXmVmMG7ZQeJFPZSwD0sm+5NuKz7Tgljzg3u4DXLQmoqqmhTT1ky4Webi/h/lL1mo9yYB/w==",
      "requires": {
        "has-bytes": "0.0.2"
      }
    },
    "has-subarrays": {
      "version": "0.0.2",
      "resolved": "https://registry.npmjs.org/has-subarrays/-/has-subarrays-0.0.2.tgz",
      "integrity": "sha512-DOZxIc0MAL72bPzWVVODHbItlU0c+j2ravtsLCQcTBXvCYltvXz8btrOXlFttfQFb8VGVPcDiaqIQk7v/LMW3g=="
    }
  }
}
